
Microsoft Visual Studio Solution File, Format Version 12.00
# Visual Studio 2013
VisualStudioVersion = 12.0.30626.0
MinimumVisualStudioVersion = 10.0.40219.1
Project("{FAE04EC0-301F-11D3-BF4B-00C04F79EFBC}") = "NNCQ.UI", "NNCQ.UI\NNCQ.UI.csproj", "{FC926E5E-C4B6-4AF3-B2E6-5DF6FB3401B2}"
EndProject
Project("{FAE04EC0-301F-11D3-BF4B-00C04F79EFBC}") = "NNCQ.Domain", "NNCQ.Domain\NNCQ.Domain.csproj", "{F64BFD65-C129-4305-99BA-A2E79215A0D0}"
EndProject
Project("{FAE04EC0-301F-11D3-BF4B-00C04F79EFBC}") = "NNCQ.Web", "NNCQ.Web\NNCQ.Web.csproj", "{3A32562C-A660-476A-B83F-D08E10F649D8}"
EndProject
Project("{2150E333-8FDC-42A3-9474-1A3956D46DE8}") = "Documents", "Documents", "{159BC77B-C1CC-49BC-A78E-A3E6BE73E0F9}"
EndProject
Global
	GlobalSection(SolutionConfigurationPlatforms) = preSolution
		Debug|Any CPU = Debug|Any CPU
		Release|Any CPU = Release|Any CPU
	EndGlobalSection
	GlobalSection(ProjectConfigurationPlatforms) = postSolution
		{FC926E5E-C4B6-4AF3-B2E6-5DF6FB3401B2}.Debug|Any CPU.ActiveCfg = Debug|Any CPU
		{FC926E5E-C4B6-4AF3-B2E6-5DF6FB3401B2}.Debug|Any CPU.Build.0 = Debug|Any CPU
		{FC926E5E-C4B6-4AF3-B2E6-5DF6FB3401B2}.Release|Any CPU.ActiveCfg = Release|Any CPU
		{FC926E5E-C4B6-4AF3-B2E6-5DF6FB3401B2}.Release|Any CPU.Build.0 = Release|Any CPU
		{F64BFD65-C129-4305-99BA-A2E79215A0D0}.Debug|Any CPU.ActiveCfg = Debug|Any CPU
		{F64BFD65-C129-4305-99BA-A2E79215A0D0}.Debug|Any CPU.Build.0 = Debug|Any CPU
		{F64BFD65-C129-4305-99BA-A2E79215A0D0}.Release|Any CPU.ActiveCfg = Release|Any CPU
		{F64BFD65-C129-4305-99BA-A2E79215A0D0}.Release|Any CPU.Build.0 = Release|Any CPU
		{3A32562C-A660-476A-B83F-D08E10F649D8}.Debug|Any CPU.ActiveCfg = Debug|Any CPU
		{3A32562C-A660-476A-B83F-D08E10F649D8}.Debug|Any CPU.Build.0 = Debug|Any CPU
		{3A32562C-A660-476A-B83F-D08E10F649D8}.Release|Any CPU.ActiveCfg = Release|Any CPU
		{3A32562C-A660-476A-B83F-D08E10F649D8}.Release|Any CPU.Build.0 = Release|Any CPU
	EndGlobalSection
	GlobalSection(SolutionProperties) = preSolution
		HideSolutionNode = FALSE
	EndGlobalSection
EndGlobal
